// !$*UTF8*$!
{
	archiveVersion = 1;
	classes = {
	};
	objectVersion = 56;
	objects = {

/* Begin PBXBuildFile section */
		4E81FC182A251FF500D5716E /* instagramTutorialApp.swift in Sources */ = {isa = PBXBuildFile; fileRef = 4E81FC172A251FF500D5716E /* instagramTutorialApp.swift */; };
		4E81FC1A2A251FF500D5716E /* ContentView.swift in Sources */ = {isa = PBXBuildFile; fileRef = 4E81FC192A251FF500D5716E /* ContentView.swift */; };
		4E81FC1C2A251FF600D5716E /* Assets.xcassets in Resources */ = {isa = PBXBuildFile; fileRef = 4E81FC1B2A251FF600D5716E /* Assets.xcassets */; };
		4E81FC1F2A251FF600D5716E /* Preview Assets.xcassets in Resources */ = {isa = PBXBuildFile; fileRef = 4E81FC1E2A251FF600D5716E /* Preview Assets.xcassets */; };
		4E81FC292A251FF600D5716E /* instagramTutorialTests.swift in Sources */ = {isa = PBXBuildFile; fileRef = 4E81FC282A251FF600D5716E /* instagramTutorialTests.swift */; };
		4E81FC332A251FF600D5716E /* instagramTutorialUITests.swift in Sources */ = {isa = PBXBuildFile; fileRef = 4E81FC322A251FF600D5716E /* instagramTutorialUITests.swift */; };
		4E81FC352A251FF600D5716E /* instagramTutorialUITestsLaunchTests.swift in Sources */ = {isa = PBXBuildFile; fileRef = 4E81FC342A251FF600D5716E /* instagramTutorialUITestsLaunchTests.swift */; };
/* End PBXBuildFile section */

/* Begin PBXContainerItemProxy section */
		4E81FC252A251FF600D5716E /* PBXContainerItemProxy */ = {
			isa = PBXContainerItemProxy;
			containerPortal = 4E81FC0C2A251FF500D5716E /* Project object */;
			proxyType = 1;
			remoteGlobalIDString = 4E81FC132A251FF500D5716E;
			remoteInfo = instagramTutorial;
		};
		4E81FC2F2A251FF600D5716E /* PBXContainerItemProxy */ = {
			isa = PBXContainerItemProxy;
			containerPortal = 4E81FC0C2A251FF500D5716E /* Project object */;
			proxyType = 1;
			remoteGlobalIDString = 4E81FC132A251FF500D5716E;
			remoteInfo = instagramTutorial;
		};
/* End PBXContainerItemProxy section */

/* Begin PBXFileReference section */
		4E81FC142A251FF500D5716E /* instagramTutorial.app */ = {isa = PBXFileReference; explicitFileType = wrapper.application; includeInIndex = 0; path = instagramTutorial.app; sourceTree = BUILT_PRODUCTS_DIR; };
		4E81FC172A251FF500D5716E /* instagramTutorialApp.swift */ = {isa = PBXFileReference; lastKnownFileType = sourcecode.swift; path = instagramTutorialApp.swift; sourceTree = "<group>"; };
		4E81FC192A251FF500D5716E /* ContentView.swift */ = {isa = PBXFileReference; lastKnownFileType = sourcecode.swift; path = ContentView.swift; sourceTree = "<group>"; };
		4E81FC1B2A251FF600D5716E /* Assets.xcassets */ = {isa = PBXFileReference; lastKnownFileType = folder.assetcatalog; path = Assets.xcassets; sourceTree = "<group>"; };
		4E81FC1E2A251FF600D5716E /* Preview Assets.xcassets */ = {isa = PBXFileReference; lastKnownFileType = folder.assetcatalog; path = "Preview Assets.xcassets"; sourceTree = "<group>"; };
		4E81FC242A251FF600D5716E /* instagramTutorialTests.xctest */ = {isa = PBXFileReference; explicitFileType = wrapper.cfbundle; includeInIndex = 0; path = instagramTutorialTests.xctest; sourceTree = BUILT_PRODUCTS_DIR; };
		4E81FC282A251FF600D5716E /* instagramTutorialTests.swift */ = {isa = PBXFileReference; lastKnownFileType = sourcecode.swift; path = instagramTutorialTests.swift; sourceTree = "<group>"; };
		4E81FC2E2A251FF600D5716E /* instagramTutorialUITests.xctest */ = {isa = PBXFileReference; explicitFileType = wrapper.cfbundle; includeInIndex = 0; path = instagramTutorialUITests.xctest; sourceTree = BUILT_PRODUCTS_DIR; };
		4E81FC322A251FF600D5716E /* instagramTutorialUITests.swift */ = {isa = PBXFileReference; lastKnownFileType = sourcecode.swift; path = instagramTutorialUITests.swift; sourceTree = "<group>"; };
		4E81FC342A251FF600D5716E /* instagramTutorialUITestsLaunchTests.swift */ = {isa = PBXFileReference; lastKnownFileType = sourcecode.swift; path = instagramTutorialUITestsLaunchTests.swift; sourceTree = "<group>"; };
/* End PBXFileReference section */

/* Begin PBXFrameworksBuildPhase section */
		4E81FC112A251FF500D5716E /* Frameworks */ = {
			isa = PBXFrameworksBuildPhase;
			buildActionMask = 2147483647;
			files = (
			);
			runOnlyForDeploymentPostprocessing = 0;
		};
		4E81FC212A251FF600D5716E /* Frameworks */ = {
			isa = PBXFrameworksBuildPhase;
			buildActionMask = 2147483647;
			files = (
			);
			runOnlyForDeploymentPostprocessing = 0;
		};
		4E81FC2B2A251FF600D5716E /* Frameworks */ = {
			isa = PBXFrameworksBuildPhase;
			buildActionMask = 2147483647;
			files = (
			);
			runOnlyForDeploymentPostprocessing = 0;
		};
/* End PBXFrameworksBuildPhase section */

/* Begin PBXGroup section */
		4E81FC0B2A251FF500D5716E = {
			isa = PBXGroup;
			children = (
				4E81FC162A251FF500D5716E /* instagramTutorial */,
				4E81FC272A251FF600D5716E /* instagramTutorialTests */,
				4E81FC312A251FF600D5716E /* instagramTutorialUITests */,
				4E81FC152A251FF500D5716E /* Products */,
			);
			sourceTree = "<group>";
		};
		4E81FC152A251FF500D5716E /* Products */ = {
			isa = PBXGroup;
			children = (
				4E81FC142A251FF500D5716E /* instagramTutorial.app */,
				4E81FC242A251FF600D5716E /* instagramTutorialTests.xctest */,
				4E81FC2E2A251FF600D5716E /* instagramTutorialUITests.xctest */,
			);
			name = Products;
			sourceTree = "<group>";
		};
		4E81FC162A251FF500D5716E /* instagramTutorial */ = {
			isa = PBXGroup;
			children = (
				4E81FC452A25200100D5716E /* App */,
				4E81FC442A25200000D5716E /* Core */,
				4E81FC432A251FFF00D5716E /* Extensions */,
				4E81FC422A251FFE00D5716E /* Model */,
				4E81FC412A251FFD00D5716E /* Services */,
				4E81FC192A251FF500D5716E /* ContentView.swift */,
				4E81FC1B2A251FF600D5716E /* Assets.xcassets */,
				4E81FC1D2A251FF600D5716E /* Preview Content */,
			);
			path = instagramTutorial;
			sourceTree = "<group>";
		};
		4E81FC1D2A251FF600D5716E /* Preview Content */ = {
			isa = PBXGroup;
			children = (
				4E81FC1E2A251FF600D5716E /* Preview Assets.xcassets */,
			);
			path = "Preview Content";
			sourceTree = "<group>";
		};
		4E81FC272A251FF600D5716E /* instagramTutorialTests */ = {
			isa = PBXGroup;
			children = (
				4E81FC282A251FF600D5716E /* instagramTutorialTests.swift */,
			);
			path = instagramTutorialTests;
			sourceTree = "<group>";
		};
		4E81FC312A251FF600D5716E /* instagramTutorialUITests */ = {
			isa = PBXGroup;
			children = (
				4E81FC322A251FF600D5716E /* instagramTutorialUITests.swift */,
				4E81FC342A251FF600D5716E /* instagramTutorialUITestsLaunchTests.swift */,
			);
			path = instagramTutorialUITests;
			sourceTree = "<group>";
		};
		4E81FC412A251FFD00D5716E /* Services */ = {
			isa = PBXGroup;
			children = (
			);
			path = Services;
			sourceTree = "<group>";
		};
		4E81FC422A251FFE00D5716E /* Model */ = {
			isa = PBXGroup;
			children = (
			);
			path = Model;
			sourceTree = "<group>";
		};
		4E81FC432A251FFF00D5716E /* Extensions */ = {
			isa = PBXGroup;
			children = (
			);
			path = Extensions;
			sourceTree = "<group>";
		};
		4E81FC442A25200000D5716E /* Core */ = {
			isa = PBXGroup;
			children = (
				4E81FC4C2A2520B000D5716E /* UploadPost */,
				4E81FC4B2A2520AB00D5716E /* TabBar */,
				4E81FC462A25204A00D5716E /* Authentication */,
				4E81FC472A25205400D5716E /* Feed */,
				4E81FC482A25205C00D5716E /* Profile */,
				4E81FC492A25206500D5716E /* Root */,
				4E81FC4A2A25206D00D5716E /* Search */,
			);
			path = Core;
			sourceTree = "<group>";
		};
		4E81FC452A25200100D5716E /* App */ = {
			isa = PBXGroup;
			children = (
				4E81FC172A251FF500D5716E /* instagramTutorialApp.swift */,
			);
			path = App;
			sourceTree = "<group>";
		};
		4E81FC462A25204A00D5716E /* Authentication */ = {
			isa = PBXGroup;
			children = (
			);
			path = Authentication;
			sourceTree = "<group>";
		};
		4E81FC472A25205400D5716E /* Feed */ = {
			isa = PBXGroup;
			children = (
			);
			path = Feed;
			sourceTree = "<group>";
		};
		4E81FC482A25205C00D5716E /* Profile */ = {
			isa = PBXGroup;
			children = (
			);
			path = Profile;
			sourceTree = "<group>";
		};
		4E81FC492A25206500D5716E /* Root */ = {
			isa = PBXGroup;
			children = (
			);
			path = Root;
			sourceTree = "<group>";
		};
		4E81FC4A2A25206D00D5716E /* Search */ = {
			isa = PBXGroup;
			children = (
			);
			path = Search;
			sourceTree = "<group>";
		};
		4E81FC4B2A2520AB00D5716E /* TabBar */ = {
			isa = PBXGroup;
			children = (
			);
			path = TabBar;
			sourceTree = "<group>";
		};
		4E81FC4C2A2520B000D5716E /* UploadPost */ = {
			isa = PBXGroup;
			children = (
			);
			path = UploadPost;
			sourceTree = "<group>";
		};
/* End PBXGroup section */

/* Begin PBXNativeTarget section */
		4E81FC132A251FF500D5716E /* instagramTutorial */ = {
			isa = PBXNativeTarget;
			buildConfigurationList = 4E81FC382A251FF600D5716E /* Build configuration list for PBXNativeTarget "instagramTutorial" */;
			buildPhases = (
				4E81FC102A251FF500D5716E /* Sources */,
				4E81FC112A251FF500D5716E /* Frameworks */,
				4E81FC122A251FF500D5716E /* Resources */,
			);
			buildRules = (
			);
			dependencies = (
			);
			name = instagramTutorial;
			productName = instagramTutorial;
			productReference = 4E81FC142A251FF500D5716E /* instagramTutorial.app */;
			productType = "com.apple.product-type.application";
		};
		4E81FC232A251FF600D5716E /* instagramTutorialTests */ = {
			isa = PBXNativeTarget;
			buildConfigurationList = 4E81FC3B2A251FF600D5716E /* Build configuration list for PBXNativeTarget "instagramTutorialTests" */;
			buildPhases = (
				4E81FC202A251FF600D5716E /* Sources */,
				4E81FC212A251FF600D5716E /* Frameworks */,
				4E81FC222A251FF600D5716E /* Resources */,
			);
			buildRules = (
			);
			dependencies = (
				4E81FC262A251FF600D5716E /* PBXTargetDependency */,
			);
			name = instagramTutorialTests;
			productName = instagramTutorialTests;
			productReference = 4E81FC242A251FF600D5716E /* instagramTutorialTests.xctest */;
			productType = "com.apple.product-type.bundle.unit-test";
		};
		4E81FC2D2A251FF600D5716E /* instagramTutorialUITests */ = {
			isa = PBXNativeTarget;
			buildConfigurationList = 4E81FC3E2A251FF600D5716E /* Build configuration list for PBXNativeTarget "instagramTutorialUITests" */;
			buildPhases = (
				4E81FC2A2A251FF600D5716E /* Sources */,
				4E81FC2B2A251FF600D5716E /* Frameworks */,
				4E81FC2C2A251FF600D5716E /* Resources */,
			);
			buildRules = (
			);
			dependencies = (
				4E81FC302A251FF600D5716E /* PBXTargetDependency */,
			);
			name = instagramTutorialUITests;
			productName = instagramTutorialUITests;
			productReference = 4E81FC2E2A251FF600D5716E /* instagramTutorialUITests.xctest */;
			productType = "com.apple.product-type.bundle.ui-testing";
		};
/* End PBXNativeTarget section */

/* Begin PBXProject section */
		4E81FC0C2A251FF500D5716E /* Project object */ = {
			isa = PBXProject;
			attributes = {
				BuildIndependentTargetsInParallel = 1;
				LastSwiftUpdateCheck = 1430;
				LastUpgradeCheck = 1430;
				TargetAttributes = {
					4E81FC132A251FF500D5716E = {
						CreatedOnToolsVersion = 14.3;
					};
					4E81FC232A251FF600D5716E = {
						CreatedOnToolsVersion = 14.3;
						TestTargetID = 4E81FC132A251FF500D5716E;
					};
					4E81FC2D2A251FF600D5716E = {
						CreatedOnToolsVersion = 14.3;
						TestTargetID = 4E81FC132A251FF500D5716E;
					};
				};
			};
			buildConfigurationList = 4E81FC0F2A251FF500D5716E /* Build configuration list for PBXProject "instagramTutorial" */;
			compatibilityVersion = "Xcode 14.0";
			developmentRegion = en;
			hasScannedForEncodings = 0;
			knownRegions = (
				en,
				Base,
			);
			mainGroup = 4E81FC0B2A251FF500D5716E;
			productRefGroup = 4E81FC152A251FF500D5716E /* Products */;
			projectDirPath = "";
			projectRoot = "";
			targets = (
				4E81FC132A251FF500D5716E /* instagramTutorial */,
				4E81FC232A251FF600D5716E /* instagramTutorialTests */,
				4E81FC2D2A251FF600D5716E /* instagramTutorialUITests */,
			);
		};
/* End PBXProject section */

/* Begin PBXResourcesBuildPhase section */
		4E81FC122A251FF500D5716E /* Resources */ = {
			isa = PBXResourcesBuildPhase;
			buildActionMask = 2147483647;
			files = (
				4E81FC1F2A251FF600D5716E /* Preview Assets.xcassets in Resources */,
				4E81FC1C2A251FF600D5716E /* Assets.xcassets in Resources */,
			);
			runOnlyForDeploymentPostprocessing = 0;
		};
		4E81FC222A251FF600D5716E /* Resources */ = {
			isa = PBXResourcesBuildPhase;
			buildActionMask = 2147483647;
			files = (
			);
			runOnlyForDeploymentPostprocessing = 0;
		};
		4E81FC2C2A251FF600D5716E /* Resources */ = {
			isa = PBXResourcesBuildPhase;
			buildActionMask = 2147483647;
			files = (
			);
			runOnlyForDeploymentPostprocessing = 0;
		};
/* End PBXResourcesBuildPhase section */

/* Begin PBXSourcesBuildPhase section */
		4E81FC102A251FF500D5716E /* Sources */ = {
			isa = PBXSourcesBuildPhase;
			buildActionMask = 2147483647;
			files = (
				4E81FC1A2A251FF500D5716E /* ContentView.swift in Sources */,
				4E81FC182A251FF500D5716E /* instagramTutorialApp.swift in Sources */,
			);
			runOnlyForDeploymentPostprocessing = 0;
		};
		4E81FC202A251FF600D5716E /* Sources */ = {
			isa = PBXSourcesBuildPhase;
			buildActionMask = 2147483647;
			files = (
				4E81FC292A251FF600D5716E /* instagramTutorialTests.swift in Sources */,
			);
			runOnlyForDeploymentPostprocessing = 0;
		};
		4E81FC2A2A251FF600D5716E /* Sources */ = {
			isa = PBXSourcesBuildPhase;
			buildActionMask = 2147483647;
			files = (
				4E81FC332A251FF600D5716E /* instagramTutorialUITests.swift in Sources */,
				4E81FC352A251FF600D5716E /* instagramTutorialUITestsLaunchTests.swift in Sources */,
			);
			runOnlyForDeploymentPostprocessing = 0;
		};
/* End PBXSourcesBuildPhase section */

/* Begin PBXTargetDependency section */
		4E81FC262A251FF600D5716E /* PBXTargetDependency */ = {
			isa = PBXTargetDependency;
			target = 4E81FC132A251FF500D5716E /* instagramTutorial */;
			targetProxy = 4E81FC252A251FF600D5716E /* PBXContainerItemProxy */;
		};
		4E81FC302A251FF600D5716E /* PBXTargetDependency */ = {
			isa = PBXTargetDependency;
			target = 4E81FC132A251FF500D5716E /* instagramTutorial */;
			targetProxy = 4E81FC2F2A251FF600D5716E /* PBXContainerItemProxy */;
		};
/* End PBXTargetDependency section */

/* Begin XCBuildConfiguration section */
		4E81FC362A251FF600D5716E /* Debug */ = {
			isa = XCBuildConfiguration;
			buildSettings = {
				ALWAYS_SEARCH_USER_PATHS = NO;
				CLANG_ANALYZER_NONNULL = YES;
				CLANG_ANALYZER_NUMBER_OBJECT_CONVERSION = YES_AGGRESSIVE;
				CLANG_CXX_LANGUAGE_STANDARD = "gnu++20";
				CLANG_ENABLE_MODULES = YES;
				CLANG_ENABLE_OBJC_ARC = YES;
				CLANG_ENABLE_OBJC_WEAK = YES;
				CLANG_WARN_BLOCK_CAPTURE_AUTORELEASING = YES;
				CLANG_WARN_BOOL_CONVERSION = YES;
				CLANG_WARN_COMMA = YES;
				CLANG_WARN_CONSTANT_CONVERSION = YES;
				CLANG_WARN_DEPRECATED_OBJC_IMPLEMENTATIONS = YES;
				CLANG_WARN_DIRECT_OBJC_ISA_USAGE = YES_ERROR;
				CLANG_WARN_DOCUMENTATION_COMMENTS = YES;
				CLANG_WARN_EMPTY_BODY = YES;
				CLANG_WARN_ENUM_CONVERSION = YES;
				CLANG_WARN_INFINITE_RECURSION = YES;
				CLANG_WARN_INT_CONVERSION = YES;
				CLANG_WARN_NON_LITERAL_NULL_CONVERSION = YES;
				CLANG_WARN_OBJC_IMPLICIT_RETAIN_SELF = YES;
				CLANG_WARN_OBJC_LITERAL_CONVERSION = YES;
				CLANG_WARN_OBJC_ROOT_CLASS = YES_ERROR;
				CLANG_WARN_QUOTED_INCLUDE_IN_FRAMEWORK_HEADER = YES;
				CLANG_WARN_RANGE_LOOP_ANALYSIS = YES;
				CLANG_WARN_STRICT_PROTOTYPES = YES;
				CLANG_WARN_SUSPICIOUS_MOVE = YES;
				CLANG_WARN_UNGUARDED_AVAILABILITY = YES_AGGRESSIVE;
				CLANG_WARN_UNREACHABLE_CODE = YES;
				CLANG_WARN__DUPLICATE_METHOD_MATCH = YES;
				COPY_PHASE_STRIP = NO;
				DEBUG_INFORMATION_FORMAT = dwarf;
				ENABLE_STRICT_OBJC_MSGSEND = YES;
				ENABLE_TESTABILITY = YES;
				GCC_C_LANGUAGE_STANDARD = gnu11;
				GCC_DYNAMIC_NO_PIC = NO;
				GCC_NO_COMMON_BLOCKS = YES;
				GCC_OPTIMIZATION_LEVEL = 0;
				GCC_PREPROCESSOR_DEFINITIONS = (
					"DEBUG=1",
					"$(inherited)",
				);
				GCC_WARN_64_TO_32_BIT_CONVERSION = YES;
				GCC_WARN_ABOUT_RETURN_TYPE = YES_ERROR;
				GCC_WARN_UNDECLARED_SELECTOR = YES;
				GCC_WARN_UNINITIALIZED_AUTOS = YES_AGGRESSIVE;
				GCC_WARN_UNUSED_FUNCTION = YES;
				GCC_WARN_UNUSED_VARIABLE = YES;
				IPHONEOS_DEPLOYMENT_TARGET = 16.4;
				MTL_ENABLE_DEBUG_INFO = INCLUDE_SOURCE;
				MTL_FAST_MATH = YES;
				ONLY_ACTIVE_ARCH = YES;
				SDKROOT = iphoneos;
				SWIFT_ACTIVE_COMPILATION_CONDITIONS = DEBUG;
				SWIFT_OPTIMIZATION_LEVEL = "-Onone";
			};
			name = Debug;
		};
		4E81FC372A251FF600D5716E /* Release */ = {
			isa = XCBuildConfiguration;
			buildSettings = {
				ALWAYS_SEARCH_USER_PATHS = NO;
				CLANG_ANALYZER_NONNULL = YES;
				CLANG_ANALYZER_NUMBER_OBJECT_CONVERSION = YES_AGGRESSIVE;
				CLANG_CXX_LANGUAGE_STANDARD = "gnu++20";
				CLANG_ENABLE_MODULES = YES;
				CLANG_ENABLE_OBJC_ARC = YES;
				CLANG_ENABLE_OBJC_WEAK = YES;
				CLANG_WARN_BLOCK_CAPTURE_AUTORELEASING = YES;
				CLANG_WARN_BOOL_CONVERSION = YES;
				CLANG_WARN_COMMA = YES;
				CLANG_WARN_CONSTANT_CONVERSION = YES;
				CLANG_WARN_DEPRECATED_OBJC_IMPLEMENTATIONS = YES;
				CLANG_WARN_DIRECT_OBJC_ISA_USAGE = YES_ERROR;
				CLANG_WARN_DOCUMENTATION_COMMENTS = YES;
				CLANG_WARN_EMPTY_BODY = YES;
				CLANG_WARN_ENUM_CONVERSION = YES;
				CLANG_WARN_INFINITE_RECURSION = YES;
				CLANG_WARN_INT_CONVERSION = YES;
				CLANG_WARN_NON_LITERAL_NULL_CONVERSION = YES;
				CLANG_WARN_OBJC_IMPLICIT_RETAIN_SELF = YES;
				CLANG_WARN_OBJC_LITERAL_CONVERSION = YES;
				CLANG_WARN_OBJC_ROOT_CLASS = YES_ERROR;
				CLANG_WARN_QUOTED_INCLUDE_IN_FRAMEWORK_HEADER = YES;
				CLANG_WARN_RANGE_LOOP_ANALYSIS = YES;
				CLANG_WARN_STRICT_PROTOTYPES = YES;
				CLANG_WARN_SUSPICIOUS_MOVE = YES;
				CLANG_WARN_UNGUARDED_AVAILABILITY = YES_AGGRESSIVE;
				CLANG_WARN_UNREACHABLE_CODE = YES;
				CLANG_WARN__DUPLICATE_METHOD_MATCH = YES;
				COPY_PHASE_STRIP = NO;
				DEBUG_INFORMATION_FORMAT = "dwarf-with-dsym";
				ENABLE_NS_ASSERTIONS = NO;
				ENABLE_STRICT_OBJC_MSGSEND = YES;
				GCC_C_LANGUAGE_STANDARD = gnu11;
				GCC_NO_COMMON_BLOCKS = YES;
				GCC_WARN_64_TO_32_BIT_CONVERSION = YES;
				GCC_WARN_ABOUT_RETURN_TYPE = YES_ERROR;
				GCC_WARN_UNDECLARED_SELECTOR = YES;
				GCC_WARN_UNINITIALIZED_AUTOS = YES_AGGRESSIVE;
				GCC_WARN_UNUSED_FUNCTION = YES;
				GCC_WARN_UNUSED_VARIABLE = YES;
				IPHONEOS_DEPLOYMENT_TARGET = 16.4;
				MTL_ENABLE_DEBUG_INFO = NO;
				MTL_FAST_MATH = YES;
				SDKROOT = iphoneos;
				SWIFT_COMPILATION_MODE = wholemodule;
				SWIFT_OPTIMIZATION_LEVEL = "-O";
				VALIDATE_PRODUCT = YES;
			};
			name = Release;
		};
		4E81FC392A251FF600D5716E /* Debug */ = {
			isa = XCBuildConfiguration;
			buildSettings = {
				ASSETCATALOG_COMPILER_APPICON_NAME = AppIcon;
				ASSETCATALOG_COMPILER_GLOBAL_ACCENT_COLOR_NAME = AccentColor;
				CODE_SIGN_STYLE = Automatic;
				CURRENT_PROJECT_VERSION = 1;
				DEVELOPMENT_ASSET_PATHS = "\"instagramTutorial/Preview Content\"";
				ENABLE_PREVIEWS = YES;
				GENERATE_INFOPLIST_FILE = YES;
				INFOPLIST_KEY_UIApplicationSceneManifest_Generation = YES;
				INFOPLIST_KEY_UIApplicationSupportsIndirectInputEvents = YES;
				INFOPLIST_KEY_UILaunchScreen_Generation = YES;
				INFOPLIST_KEY_UISupportedInterfaceOrientations_iPad = "UIInterfaceOrientationPortrait UIInterfaceOrientationPortraitUpsideDown UIInterfaceOrientationLandscapeLeft UIInterfaceOrientationLandscapeRight";
				INFOPLIST_KEY_UISupportedInterfaceOrientations_iPhone = "UIInterfaceOrientationPortrait UIInterfaceOrientationLandscapeLeft UIInterfaceOrientationLandscapeRight";
				LD_RUNPATH_SEARCH_PATHS = (
					"$(inherited)",
					"@executable_path/Frameworks",
				);
				MARKETING_VERSION = 1.0;
				PRODUCT_BUNDLE_IDENTIFIER = "Yusuf-Berkay-Girgin.instagramTutorial";
				PRODUCT_NAME = "$(TARGET_NAME)";
				SWIFT_EMIT_LOC_STRINGS = YES;
				SWIFT_VERSION = 5.0;
				TARGETED_DEVICE_FAMILY = "1,2";
			};
			name = Debug;
		};
		4E81FC3A2A251FF600D5716E /* Release */ = {
			isa = XCBuildConfiguration;
			buildSettings = {
				ASSETCATALOG_COMPILER_APPICON_NAME = AppIcon;
				ASSETCATALOG_COMPILER_GLOBAL_ACCENT_COLOR_NAME = AccentColor;
				CODE_SIGN_STYLE = Automatic;
				CURRENT_PROJECT_VERSION = 1;
				DEVELOPMENT_ASSET_PATHS = "\"instagramTutorial/Preview Content\"";
				ENABLE_PREVIEWS = YES;
				GENERATE_INFOPLIST_FILE = YES;
				INFOPLIST_KEY_UIApplicationSceneManifest_Generation = YES;
				INFOPLIST_KEY_UIApplicationSupportsIndirectInputEvents = YES;
				INFOPLIST_KEY_UILaunchScreen_Generation = YES;
				INFOPLIST_KEY_UISupportedInterfaceOrientations_iPad = "UIInterfaceOrientationPortrait UIInterfaceOrientationPortraitUpsideDown UIInterfaceOrientationLandscapeLeft UIInterfaceOrientationLandscapeRight";
				INFOPLIST_KEY_UISupportedInterfaceOrientations_iPhone = "UIInterfaceOrientationPortrait UIInterfaceOrientationLandscapeLeft UIInterfaceOrientationLandscapeRight";
				LD_RUNPATH_SEARCH_PATHS = (
					"$(inherited)",
					"@executable_path/Frameworks",
				);
				MARKETING_VERSION = 1.0;
				PRODUCT_BUNDLE_IDENTIFIER = "Yusuf-Berkay-Girgin.instagramTutorial";
				PRODUCT_NAME = "$(TARGET_NAME)";
				SWIFT_EMIT_LOC_STRINGS = YES;
				SWIFT_VERSION = 5.0;
				TARGETED_DEVICE_FAMILY = "1,2";
			};
			name = Release;
		};
		4E81FC3C2A251FF600D5716E /* Debug */ = {
			isa = XCBuildConfiguration;
			buildSettings = {
				ALWAYS_EMBED_SWIFT_STANDARD_LIBRARIES = YES;
				BUNDLE_LOADER = "$(TEST_HOST)";
				CODE_SIGN_STYLE = Automatic;
				CURRENT_PROJECT_VERSION = 1;
				GENERATE_INFOPLIST_FILE = YES;
				IPHONEOS_DEPLOYMENT_TARGET = 16.4;
				MARKETING_VERSION = 1.0;
				PRODUCT_BUNDLE_IDENTIFIER = "Yusuf-Berkay-Girgin.instagramTutorialTests";
				PRODUCT_NAME = "$(TARGET_NAME)";
				SWIFT_EMIT_LOC_STRINGS = NO;
				SWIFT_VERSION = 5.0;
				TARGETED_DEVICE_FAMILY = "1,2";
				TEST_HOST = "$(BUILT_PRODUCTS_DIR)/instagramTutorial.app/$(BUNDLE_EXECUTABLE_FOLDER_PATH)/instagramTutorial";
			};
			name = Debug;
		};
		4E81FC3D2A251FF600D5716E /* Release */ = {
			isa = XCBuildConfiguration;
			buildSettings = {
				ALWAYS_EMBED_SWIFT_STANDARD_LIBRARIES = YES;
				BUNDLE_LOADER = "$(TEST_HOST)";
				CODE_SIGN_STYLE = Automatic;
				CURRENT_PROJECT_VERSION = 1;
				GENERATE_INFOPLIST_FILE = YES;
				IPHONEOS_DEPLOYMENT_TARGET = 16.4;
				MARKETING_VERSION = 1.0;
				PRODUCT_BUNDLE_IDENTIFIER = "Yusuf-Berkay-Girgin.instagramTutorialTests";
				PRODUCT_NAME = "$(TARGET_NAME)";
				SWIFT_EMIT_LOC_STRINGS = NO;
				SWIFT_VERSION = 5.0;
				TARGETED_DEVICE_FAMILY = "1,2";
				TEST_HOST = "$(BUILT_PRODUCTS_DIR)/instagramTutorial.app/$(BUNDLE_EXECUTABLE_FOLDER_PATH)/instagramTutorial";
			};
			name = Release;
		};
		4E81FC3F2A251FF600D5716E /* Debug */ = {
			isa = XCBuildConfiguration;
			buildSettings = {
				ALWAYS_EMBED_SWIFT_STANDARD_LIBRARIES = YES;
				CODE_SIGN_STYLE = Automatic;
				CURRENT_PROJECT_VERSION = 1;
				GENERATE_INFOPLIST_FILE = YES;
				MARKETING_VERSION = 1.0;
				PRODUCT_BUNDLE_IDENTIFIER = "Yusuf-Berkay-Girgin.instagramTutorialUITests";
				PRODUCT_NAME = "$(TARGET_NAME)";
				SWIFT_EMIT_LOC_STRINGS = NO;
				SWIFT_VERSION = 5.0;
				TARGETED_DEVICE_FAMILY = "1,2";
				TEST_TARGET_NAME = instagramTutorial;
			};
			name = Debug;
		};
		4E81FC402A251FF600D5716E /* Release */ = {
			isa = XCBuildConfiguration;
			buildSettings = {
				ALWAYS_EMBED_SWIFT_STANDARD_LIBRARIES = YES;
				CODE_SIGN_STYLE = Automatic;
				CURRENT_PROJECT_VERSION = 1;
				GENERATE_INFOPLIST_FILE = YES;
				MARKETING_VERSION = 1.0;
				PRODUCT_BUNDLE_IDENTIFIER = "Yusuf-Berkay-Girgin.instagramTutorialUITests";
				PRODUCT_NAME = "$(TARGET_NAME)";
				SWIFT_EMIT_LOC_STRINGS = NO;
				SWIFT_VERSION = 5.0;
				TARGETED_DEVICE_FAMILY = "1,2";
				TEST_TARGET_NAME = instagramTutorial;
			};
			name = Release;
		};
/* End XCBuildConfiguration section */

/* Begin XCConfigurationList section */
		4E81FC0F2A251FF500D5716E /* Build configuration list for PBXProject "instagramTutorial" */ = {
			isa = XCConfigurationList;
			buildConfigurations = (
				4E81FC362A251FF600D5716E /* Debug */,
				4E81FC372A251FF600D5716E /* Release */,
			);
			defaultConfigurationIsVisible = 0;
			defaultConfigurationName = Release;
		};
		4E81FC382A251FF600D5716E /* Build configuration list for PBXNativeTarget "instagramTutorial" */ = {
			isa = XCConfigurationList;
			buildConfigurations = (
				4E81FC392A251FF600D5716E /* Debug */,
				4E81FC3A2A251FF600D5716E /* Release */,
			);
			defaultConfigurationIsVisible = 0;
			defaultConfigurationName = Release;
		};
		4E81FC3B2A251FF600D5716E /* Build configuration list for PBXNativeTarget "instagramTutorialTests" */ = {
			isa = XCConfigurationList;
			buildConfigurations = (
				4E81FC3C2A251FF600D5716E /* Debug */,
				4E81FC3D2A251FF600D5716E /* Release */,
			);
			defaultConfigurationIsVisible = 0;
			defaultConfigurationName = Release;
		};
		4E81FC3E2A251FF600D5716E /* Build configuration list for PBXNativeTarget "instagramTutorialUITests" */ = {
			isa = XCConfigurationList;
			buildConfigurations = (
				4E81FC3F2A251FF600D5716E /* Debug */,
				4E81FC402A251FF600D5716E /* Release */,
			);
			defaultConfigurationIsVisible = 0;
			defaultConfigurationName = Release;
		};
/* End XCConfigurationList section */
	};
	rootObject = 4E81FC0C2A251FF500D5716E /* Project object */;
}
